
Microsoft Visual Studio Solution File, Format Version 12.00
# Visual Studio Version 17
VisualStudioVersion = 17.5.33516.290
MinimumVisualStudioVersion = 10.0.40219.1
Project("{FAE04EC0-301F-11D3-BF4B-00C04F79EFBC}") = "eTickets", "eTickets\eTickets.csproj", "{C8CB7368-93AF-4461-991A-CDF7927F6A1D}"
EndProject
Global
	GlobalSection(SolutionConfigurationPlatforms) = preSolution
		Debug|Any CPU = Debug|Any CPU
		Release|Any CPU = Release|Any CPU
	EndGlobalSection
	GlobalSection(ProjectConfigurationPlatforms) = postSolution
		{C8CB7368-93AF-4461-991A-CDF7927F6A1D}.Debug|Any CPU.ActiveCfg = Debug|Any CPU
		{C8CB7368-93AF-4461-991A-CDF7927F6A1D}.Debug|Any CPU.Build.0 = Debug|Any CPU
		{C8CB7368-93AF-4461-991A-CDF7927F6A1D}.Release|Any CPU.ActiveCfg = Release|Any CPU
		{C8CB7368-93AF-4461-991A-CDF7927F6A1D}.Release|Any CPU.Build.0 = Release|Any CPU
	EndGlobalSection
	GlobalSection(SolutionProperties) = preSolution
		HideSolutionNode = FALSE
	EndGlobalSection
	GlobalSection(ExtensibilityGlobals) = postSolution
		SolutionGuid = {14236222-FEF4-4F8B-BA42-E32027A2D422}
	EndGlobalSection
EndGlobal
